
Microsoft Visual Studio Solution File, Format Version 12.00
# Visual Studio 14
VisualStudioVersion = 14.0.25420.1
MinimumVisualStudioVersion = 10.0.40219.1
Project("{8BC9CEB8-8B4A-11D0-8D11-00A0C91BC942}") = "gametest3d", "gametest3d.vcxproj", "{C8351047-707B-4D68-A801-6749E9509337}"
EndProject
Project("{8BC9CEB8-8B4A-11D0-8D11-00A0C91BC942}") = "BulletCollision", "..\..\..\BUILD_BULLET\src\BulletCollision\BulletCollision.vcxproj", "{7C76659F-35F5-3CC5-A528-40AE591FE3AF}"
EndProject
Project("{8BC9CEB8-8B4A-11D0-8D11-00A0C91BC942}") = "BulletDynamics", "..\..\..\BUILD_BULLET\src\BulletDynamics\BulletDynamics.vcxproj", "{82D66A40-1FD1-32B6-8ACA-8EC7B2B559E8}"
EndProject
Project("{8BC9CEB8-8B4A-11D0-8D11-00A0C91BC942}") = "LinearMath", "..\..\..\BUILD_BULLET\src\LinearMath\LinearMath.vcxproj", "{1A483800-C79D-3E8B-BB6C-86FEAE6768D4}"
EndProject
Global
	GlobalSection(SolutionConfigurationPlatforms) = preSolution
		Debug|Win32 = Debug|Win32
		MinSizeRel|Win32 = MinSizeRel|Win32
		Release|Win32 = Release|Win32
		RelWithDebInfo|Win32 = RelWithDebInfo|Win32
	EndGlobalSection
	GlobalSection(ProjectConfigurationPlatforms) = postSolution
		{C8351047-707B-4D68-A801-6749E9509337}.Debug|Win32.ActiveCfg = Debug|Win32
		{C8351047-707B-4D68-A801-6749E9509337}.Debug|Win32.Build.0 = Debug|Win32
		{C8351047-707B-4D68-A801-6749E9509337}.MinSizeRel|Win32.ActiveCfg = Release|Win32
		{C8351047-707B-4D68-A801-6749E9509337}.MinSizeRel|Win32.Build.0 = Release|Win32
		{C8351047-707B-4D68-A801-6749E9509337}.Release|Win32.ActiveCfg = Release|Win32
		{C8351047-707B-4D68-A801-6749E9509337}.Release|Win32.Build.0 = Release|Win32
		{C8351047-707B-4D68-A801-6749E9509337}.RelWithDebInfo|Win32.ActiveCfg = Release|Win32
		{C8351047-707B-4D68-A801-6749E9509337}.RelWithDebInfo|Win32.Build.0 = Release|Win32
		{7C76659F-35F5-3CC5-A528-40AE591FE3AF}.Debug|Win32.ActiveCfg = Debug|Win32
		{7C76659F-35F5-3CC5-A528-40AE591FE3AF}.Debug|Win32.Build.0 = Debug|Win32
		{7C76659F-35F5-3CC5-A528-40AE591FE3AF}.MinSizeRel|Win32.ActiveCfg = MinSizeRel|Win32
		{7C76659F-35F5-3CC5-A528-40AE591FE3AF}.MinSizeRel|Win32.Build.0 = MinSizeRel|Win32
		{7C76659F-35F5-3CC5-A528-40AE591FE3AF}.Release|Win32.ActiveCfg = Release|Win32
		{7C76659F-35F5-3CC5-A528-40AE591FE3AF}.Release|Win32.Build.0 = Release|Win32
		{7C76659F-35F5-3CC5-A528-40AE591FE3AF}.RelWithDebInfo|Win32.ActiveCfg = RelWithDebInfo|Win32
		{7C76659F-35F5-3CC5-A528-40AE591FE3AF}.RelWithDebInfo|Win32.Build.0 = RelWithDebInfo|Win32
		{82D66A40-1FD1-32B6-8ACA-8EC7B2B559E8}.Debug|Win32.ActiveCfg = Debug|Win32
		{82D66A40-1FD1-32B6-8ACA-8EC7B2B559E8}.Debug|Win32.Build.0 = Debug|Win32
		{82D66A40-1FD1-32B6-8ACA-8EC7B2B559E8}.MinSizeRel|Win32.ActiveCfg = MinSizeRel|Win32
		{82D66A40-1FD1-32B6-8ACA-8EC7B2B559E8}.MinSizeRel|Win32.Build.0 = MinSizeRel|Win32
		{82D66A40-1FD1-32B6-8ACA-8EC7B2B559E8}.Release|Win32.ActiveCfg = Release|Win32
		{82D66A40-1FD1-32B6-8ACA-8EC7B2B559E8}.Release|Win32.Build.0 = Release|Win32
		{82D66A40-1FD1-32B6-8ACA-8EC7B2B559E8}.RelWithDebInfo|Win32.ActiveCfg = RelWithDebInfo|Win32
		{82D66A40-1FD1-32B6-8ACA-8EC7B2B559E8}.RelWithDebInfo|Win32.Build.0 = RelWithDebInfo|Win32
		{1A483800-C79D-3E8B-BB6C-86FEAE6768D4}.Debug|Win32.ActiveCfg = Debug|Win32
		{1A483800-C79D-3E8B-BB6C-86FEAE6768D4}.Debug|Win32.Build.0 = Debug|Win32
		{1A483800-C79D-3E8B-BB6C-86FEAE6768D4}.MinSizeRel|Win32.ActiveCfg = MinSizeRel|Win32
		{1A483800-C79D-3E8B-BB6C-86FEAE6768D4}.MinSizeRel|Win32.Build.0 = MinSizeRel|Win32
		{1A483800-C79D-3E8B-BB6C-86FEAE6768D4}.Release|Win32.ActiveCfg = Release|Win32
		{1A483800-C79D-3E8B-BB6C-86FEAE6768D4}.Release|Win32.Build.0 = Release|Win32
		{1A483800-C79D-3E8B-BB6C-86FEAE6768D4}.RelWithDebInfo|Win32.ActiveCfg = RelWithDebInfo|Win32
		{1A483800-C79D-3E8B-BB6C-86FEAE6768D4}.RelWithDebInfo|Win32.Build.0 = RelWithDebInfo|Win32
	EndGlobalSection
	GlobalSection(SolutionProperties) = preSolution
		HideSolutionNode = FALSE
	EndGlobalSection
EndGlobal
